{
  "name": "frontend",
  "version": "0.1.0",
  "lockfileVersion": 1,
  "requires": true,
  "dependencies": {
    "react-native-camera-roll-picker": {
      "version": "1.2.3",
      "resolved": "https://registry.npmjs.org/react-native-camera-roll-picker/-/react-native-camera-roll-picker-1.2.3.tgz",
      "integrity": "sha1-sRf9OiuQEtzM7hJhqbxCcia41tI="
    }
  }
}
